
Microsoft Visual Studio Solution File, Format Version 12.00
# Visual Studio Version 16
VisualStudioVersion = 16.0.29905.134
MinimumVisualStudioVersion = 10.0.40219.1
Project("{FAE04EC0-301F-11D3-BF4B-00C04F79EFBC}") = "ConsoleApp1", "ConsoleApp1\ConsoleApp1.csproj", "{D7812C5E-C80A-4A04-8CAD-D5CB161DB36A}"
EndProject
Global
	GlobalSection(SolutionConfigurationPlatforms) = preSolution
		Debug|Any CPU = Debug|Any CPU
		Release|Any CPU = Release|Any CPU
	EndGlobalSection
	GlobalSection(ProjectConfigurationPlatforms) = postSolution
		{D7812C5E-C80A-4A04-8CAD-D5CB161DB36A}.Debug|Any CPU.ActiveCfg = Debug|Any CPU
		{D7812C5E-C80A-4A04-8CAD-D5CB161DB36A}.Debug|Any CPU.Build.0 = Debug|Any CPU
		{D7812C5E-C80A-4A04-8CAD-D5CB161DB36A}.Release|Any CPU.ActiveCfg = Release|Any CPU
		{D7812C5E-C80A-4A04-8CAD-D5CB161DB36A}.Release|Any CPU.Build.0 = Release|Any CPU
	EndGlobalSection
	GlobalSection(SolutionProperties) = preSolution
		HideSolutionNode = FALSE
	EndGlobalSection
	GlobalSection(ExtensibilityGlobals) = postSolution
		SolutionGuid = {1A066A30-3082-41AD-9BEF-04F376100DF3}
	EndGlobalSection
EndGlobal
